{
  "requires": true,
  "lockfileVersion": 1,
  "dependencies": {
    "pixi-particles": {
      "version": "4.3.1",
      "resolved": "https://registry.npmjs.org/pixi-particles/-/pixi-particles-4.3.1.tgz",
      "integrity": "sha512-XSqDFgYwm/7FRCgP5I2Fc57d98qvb1ql/x4uTjdP4uXDUGgjdO8OW/2A0HVWS1CkOht/1x6dQzsM1oCJAUlaow=="
    }
  }
}
